// !$*UTF8*$!
{
	archiveVersion = 1;
	classes = {
	};
	objectVersion = 56;
	objects = {

/* Begin PBXBuildFile section */
		9F8B1C602A5F1EA000E1D9F1 /* SDRLogApp.swift in Sources */ = {isa = PBXBuildFile; fileRef = 9F8B1C5F2A5F1EA000E1D9F1 /* SDRLogApp.swift */; };
		9F8B1C642A5F1EA000E1D9F1 /* Assets.xcassets in Resources */ = {isa = PBXBuildFile; fileRef = 9F8B1C632A5F1EA000E1D9F1 /* Assets.xcassets */; };
		9F8B1C672A5F1EA000E1D9F1 /* Preview Assets.xcassets in Resources */ = {isa = PBXBuildFile; fileRef = 9F8B1C662A5F1EA000E1D9F1 /* Preview Assets.xcassets */; };
		9FD8298F2AFFAA4D002EC81C /* ClientSheet in Frameworks */ = {isa = PBXBuildFile; productRef = 9FD8298E2AFFAA4D002EC81C /* ClientSheet */; };
		9FD829912AFFAA4D002EC81C /* Flag in Frameworks */ = {isa = PBXBuildFile; productRef = 9FD829902AFFAA4D002EC81C /* Flag */; };
		9FD829932AFFAA4D002EC81C /* FlagAntennaPopover in Frameworks */ = {isa = PBXBuildFile; productRef = 9FD829922AFFAA4D002EC81C /* FlagAntennaPopover */; };
		9FD829952AFFAA4D002EC81C /* LogViewer in Frameworks */ = {isa = PBXBuildFile; productRef = 9FD829942AFFAA4D002EC81C /* LogViewer */; };
		9FD829972AFFAA4D002EC81C /* LoginSheet in Frameworks */ = {isa = PBXBuildFile; productRef = 9FD829962AFFAA4D002EC81C /* LoginSheet */; };
		9FD829992AFFAA4D002EC81C /* MonitorControl in Frameworks */ = {isa = PBXBuildFile; productRef = 9FD829982AFFAA4D002EC81C /* MonitorControl */; };
		9FD8299B2AFFAA4D002EC81C /* Panadapter in Frameworks */ = {isa = PBXBuildFile; productRef = 9FD8299A2AFFAA4D002EC81C /* Panadapter */; };
		9FD8299D2AFFAA4D002EC81C /* Panafall in Frameworks */ = {isa = PBXBuildFile; productRef = 9FD8299C2AFFAA4D002EC81C /* Panafall */; };
		9FD8299F2AFFAA4D002EC81C /* PickerSheet in Frameworks */ = {isa = PBXBuildFile; productRef = 9FD8299E2AFFAA4D002EC81C /* PickerSheet */; };
		9FD829A12AFFAA4D002EC81C /* SettingsPanel in Frameworks */ = {isa = PBXBuildFile; productRef = 9FD829A02AFFAA4D002EC81C /* SettingsPanel */; };
		9FD829A32AFFAA4D002EC81C /* SidePanel in Frameworks */ = {isa = PBXBuildFile; productRef = 9FD829A22AFFAA4D002EC81C /* SidePanel */; };
		9FD829A52AFFAA4D002EC81C /* Waterfall in Frameworks */ = {isa = PBXBuildFile; productRef = 9FD829A42AFFAA4D002EC81C /* Waterfall */; };
/* End PBXBuildFile section */

/* Begin PBXFileReference section */
		9F8B1C5C2A5F1EA000E1D9F1 /* SDRLog.app */ = {isa = PBXFileReference; explicitFileType = wrapper.application; includeInIndex = 0; path = SDRLog.app; sourceTree = BUILT_PRODUCTS_DIR; };
		9F8B1C5F2A5F1EA000E1D9F1 /* SDRLogApp.swift */ = {isa = PBXFileReference; lastKnownFileType = sourcecode.swift; path = SDRLogApp.swift; sourceTree = "<group>"; };
		9F8B1C632A5F1EA000E1D9F1 /* Assets.xcassets */ = {isa = PBXFileReference; lastKnownFileType = folder.assetcatalog; path = Assets.xcassets; sourceTree = "<group>"; };
		9F8B1C662A5F1EA000E1D9F1 /* Preview Assets.xcassets */ = {isa = PBXFileReference; lastKnownFileType = folder.assetcatalog; path = "Preview Assets.xcassets"; sourceTree = "<group>"; };
		9F8B1C682A5F1EA000E1D9F1 /* SDRLog.entitlements */ = {isa = PBXFileReference; lastKnownFileType = text.plist.entitlements; path = SDRLog.entitlements; sourceTree = "<group>"; };
/* End PBXFileReference section */

/* Begin PBXFrameworksBuildPhase section */
		9F8B1C592A5F1EA000E1D9F1 /* Frameworks */ = {
			isa = PBXFrameworksBuildPhase;
			buildActionMask = 2147483647;
			files = (
				9FD829932AFFAA4D002EC81C /* FlagAntennaPopover in Frameworks */,
				9FD8299B2AFFAA4D002EC81C /* Panadapter in Frameworks */,
				9FD829A12AFFAA4D002EC81C /* SettingsPanel in Frameworks */,
				9FD829A52AFFAA4D002EC81C /* Waterfall in Frameworks */,
				9FD829A32AFFAA4D002EC81C /* SidePanel in Frameworks */,
				9FD829972AFFAA4D002EC81C /* LoginSheet in Frameworks */,
				9FD829952AFFAA4D002EC81C /* LogViewer in Frameworks */,
				9FD8299F2AFFAA4D002EC81C /* PickerSheet in Frameworks */,
				9FD829992AFFAA4D002EC81C /* MonitorControl in Frameworks */,
				9FD829912AFFAA4D002EC81C /* Flag in Frameworks */,
				9FD8298F2AFFAA4D002EC81C /* ClientSheet in Frameworks */,
				9FD8299D2AFFAA4D002EC81C /* Panafall in Frameworks */,
			);
			runOnlyForDeploymentPostprocessing = 0;
		};
/* End PBXFrameworksBuildPhase section */

/* Begin PBXGroup section */
		9F8B1C532A5F1EA000E1D9F1 = {
			isa = PBXGroup;
			children = (
				9F8B1C5E2A5F1EA000E1D9F1 /* SDRLog */,
				9F8B1C5D2A5F1EA000E1D9F1 /* Products */,
				9FD829842AFE8AC8002EC81C /* Frameworks */,
			);
			sourceTree = "<group>";
		};
		9F8B1C5D2A5F1EA000E1D9F1 /* Products */ = {
			isa = PBXGroup;
			children = (
				9F8B1C5C2A5F1EA000E1D9F1 /* SDRLog.app */,
			);
			name = Products;
			sourceTree = "<group>";
		};
		9F8B1C5E2A5F1EA000E1D9F1 /* SDRLog */ = {
			isa = PBXGroup;
			children = (
				9F8B1C632A5F1EA000E1D9F1 /* Assets.xcassets */,
				9F8B1C652A5F1EA000E1D9F1 /* Preview Content */,
				9F8B1C682A5F1EA000E1D9F1 /* SDRLog.entitlements */,
				9F8B1C5F2A5F1EA000E1D9F1 /* SDRLogApp.swift */,
			);
			path = SDRLog;
			sourceTree = "<group>";
		};
		9F8B1C652A5F1EA000E1D9F1 /* Preview Content */ = {
			isa = PBXGroup;
			children = (
				9F8B1C662A5F1EA000E1D9F1 /* Preview Assets.xcassets */,
			);
			path = "Preview Content";
			sourceTree = "<group>";
		};
		9FD829842AFE8AC8002EC81C /* Frameworks */ = {
			isa = PBXGroup;
			children = (
			);
			name = Frameworks;
			sourceTree = "<group>";
		};
/* End PBXGroup section */

/* Begin PBXNativeTarget section */
		9F8B1C5B2A5F1EA000E1D9F1 /* SDRLog */ = {
			isa = PBXNativeTarget;
			buildConfigurationList = 9F8B1C6B2A5F1EA000E1D9F1 /* Build configuration list for PBXNativeTarget "SDRLog" */;
			buildPhases = (
				9F8B1C582A5F1EA000E1D9F1 /* Sources */,
				9F8B1C592A5F1EA000E1D9F1 /* Frameworks */,
				9F8B1C5A2A5F1EA000E1D9F1 /* Resources */,
			);
			buildRules = (
			);
			dependencies = (
			);
			name = SDRLog;
			packageProductDependencies = (
				9FD8298E2AFFAA4D002EC81C /* ClientSheet */,
				9FD829902AFFAA4D002EC81C /* Flag */,
				9FD829922AFFAA4D002EC81C /* FlagAntennaPopover */,
				9FD829942AFFAA4D002EC81C /* LogViewer */,
				9FD829962AFFAA4D002EC81C /* LoginSheet */,
				9FD829982AFFAA4D002EC81C /* MonitorControl */,
				9FD8299A2AFFAA4D002EC81C /* Panadapter */,
				9FD8299C2AFFAA4D002EC81C /* Panafall */,
				9FD8299E2AFFAA4D002EC81C /* PickerSheet */,
				9FD829A02AFFAA4D002EC81C /* SettingsPanel */,
				9FD829A22AFFAA4D002EC81C /* SidePanel */,
				9FD829A42AFFAA4D002EC81C /* Waterfall */,
			);
			productName = SDRLog;
			productReference = 9F8B1C5C2A5F1EA000E1D9F1 /* SDRLog.app */;
			productType = "com.apple.product-type.application";
		};
/* End PBXNativeTarget section */

/* Begin PBXProject section */
		9F8B1C542A5F1EA000E1D9F1 /* Project object */ = {
			isa = PBXProject;
			attributes = {
				BuildIndependentTargetsInParallel = 1;
				LastSwiftUpdateCheck = 1430;
				LastUpgradeCheck = 1500;
				TargetAttributes = {
					9F8B1C5B2A5F1EA000E1D9F1 = {
						CreatedOnToolsVersion = 14.3.1;
					};
				};
			};
			buildConfigurationList = 9F8B1C572A5F1EA000E1D9F1 /* Build configuration list for PBXProject "SDRLog" */;
			compatibilityVersion = "Xcode 14.0";
			developmentRegion = en;
			hasScannedForEncodings = 0;
			knownRegions = (
				en,
				Base,
			);
			mainGroup = 9F8B1C532A5F1EA000E1D9F1;
			packageReferences = (
				9FD8298D2AFFAA4D002EC81C /* XCRemoteSwiftPackageReference "ViewFeatures" */,
			);
			productRefGroup = 9F8B1C5D2A5F1EA000E1D9F1 /* Products */;
			projectDirPath = "";
			projectRoot = "";
			targets = (
				9F8B1C5B2A5F1EA000E1D9F1 /* SDRLog */,
			);
		};
/* End PBXProject section */

/* Begin PBXResourcesBuildPhase section */
		9F8B1C5A2A5F1EA000E1D9F1 /* Resources */ = {
			isa = PBXResourcesBuildPhase;
			buildActionMask = 2147483647;
			files = (
				9F8B1C672A5F1EA000E1D9F1 /* Preview Assets.xcassets in Resources */,
				9F8B1C642A5F1EA000E1D9F1 /* Assets.xcassets in Resources */,
			);
			runOnlyForDeploymentPostprocessing = 0;
		};
/* End PBXResourcesBuildPhase section */

/* Begin PBXSourcesBuildPhase section */
		9F8B1C582A5F1EA000E1D9F1 /* Sources */ = {
			isa = PBXSourcesBuildPhase;
			buildActionMask = 2147483647;
			files = (
				9F8B1C602A5F1EA000E1D9F1 /* SDRLogApp.swift in Sources */,
			);
			runOnlyForDeploymentPostprocessing = 0;
		};
/* End PBXSourcesBuildPhase section */

/* Begin XCBuildConfiguration section */
		9F8B1C692A5F1EA000E1D9F1 /* Debug */ = {
			isa = XCBuildConfiguration;
			buildSettings = {
				ALWAYS_SEARCH_USER_PATHS = NO;
				CLANG_ANALYZER_NONNULL = YES;
				CLANG_ANALYZER_NUMBER_OBJECT_CONVERSION = YES_AGGRESSIVE;
				CLANG_CXX_LANGUAGE_STANDARD = "gnu++20";
				CLANG_ENABLE_MODULES = YES;
				CLANG_ENABLE_OBJC_ARC = YES;
				CLANG_ENABLE_OBJC_WEAK = YES;
				CLANG_WARN_BLOCK_CAPTURE_AUTORELEASING = YES;
				CLANG_WARN_BOOL_CONVERSION = YES;
				CLANG_WARN_COMMA = YES;
				CLANG_WARN_CONSTANT_CONVERSION = YES;
				CLANG_WARN_DEPRECATED_OBJC_IMPLEMENTATIONS = YES;
				CLANG_WARN_DIRECT_OBJC_ISA_USAGE = YES_ERROR;
				CLANG_WARN_DOCUMENTATION_COMMENTS = YES;
				CLANG_WARN_EMPTY_BODY = YES;
				CLANG_WARN_ENUM_CONVERSION = YES;
				CLANG_WARN_INFINITE_RECURSION = YES;
				CLANG_WARN_INT_CONVERSION = YES;
				CLANG_WARN_NON_LITERAL_NULL_CONVERSION = YES;
				CLANG_WARN_OBJC_IMPLICIT_RETAIN_SELF = YES;
				CLANG_WARN_OBJC_LITERAL_CONVERSION = YES;
				CLANG_WARN_OBJC_ROOT_CLASS = YES_ERROR;
				CLANG_WARN_QUOTED_INCLUDE_IN_FRAMEWORK_HEADER = YES;
				CLANG_WARN_RANGE_LOOP_ANALYSIS = YES;
				CLANG_WARN_STRICT_PROTOTYPES = YES;
				CLANG_WARN_SUSPICIOUS_MOVE = YES;
				CLANG_WARN_UNGUARDED_AVAILABILITY = YES_AGGRESSIVE;
				CLANG_WARN_UNREACHABLE_CODE = YES;
				CLANG_WARN__DUPLICATE_METHOD_MATCH = YES;
				COPY_PHASE_STRIP = NO;
				DEAD_CODE_STRIPPING = YES;
				DEBUG_INFORMATION_FORMAT = dwarf;
				ENABLE_STRICT_OBJC_MSGSEND = YES;
				ENABLE_TESTABILITY = YES;
				ENABLE_USER_SCRIPT_SANDBOXING = YES;
				GCC_C_LANGUAGE_STANDARD = gnu11;
				GCC_DYNAMIC_NO_PIC = NO;
				GCC_NO_COMMON_BLOCKS = YES;
				GCC_OPTIMIZATION_LEVEL = 0;
				GCC_PREPROCESSOR_DEFINITIONS = (
					"DEBUG=1",
					"$(inherited)",
				);
				GCC_WARN_64_TO_32_BIT_CONVERSION = YES;
				GCC_WARN_ABOUT_RETURN_TYPE = YES_ERROR;
				GCC_WARN_UNDECLARED_SELECTOR = YES;
				GCC_WARN_UNINITIALIZED_AUTOS = YES_AGGRESSIVE;
				GCC_WARN_UNUSED_FUNCTION = YES;
				GCC_WARN_UNUSED_VARIABLE = YES;
				MACOSX_DEPLOYMENT_TARGET = 13.3;
				MTL_ENABLE_DEBUG_INFO = INCLUDE_SOURCE;
				MTL_FAST_MATH = YES;
				ONLY_ACTIVE_ARCH = YES;
				SDKROOT = macosx;
				SWIFT_ACTIVE_COMPILATION_CONDITIONS = DEBUG;
				SWIFT_OPTIMIZATION_LEVEL = "-Onone";
			};
			name = Debug;
		};
		9F8B1C6A2A5F1EA000E1D9F1 /* Release */ = {
			isa = XCBuildConfiguration;
			buildSettings = {
				ALWAYS_SEARCH_USER_PATHS = NO;
				CLANG_ANALYZER_NONNULL = YES;
				CLANG_ANALYZER_NUMBER_OBJECT_CONVERSION = YES_AGGRESSIVE;
				CLANG_CXX_LANGUAGE_STANDARD = "gnu++20";
				CLANG_ENABLE_MODULES = YES;
				CLANG_ENABLE_OBJC_ARC = YES;
				CLANG_ENABLE_OBJC_WEAK = YES;
				CLANG_WARN_BLOCK_CAPTURE_AUTORELEASING = YES;
				CLANG_WARN_BOOL_CONVERSION = YES;
				CLANG_WARN_COMMA = YES;
				CLANG_WARN_CONSTANT_CONVERSION = YES;
				CLANG_WARN_DEPRECATED_OBJC_IMPLEMENTATIONS = YES;
				CLANG_WARN_DIRECT_OBJC_ISA_USAGE = YES_ERROR;
				CLANG_WARN_DOCUMENTATION_COMMENTS = YES;
				CLANG_WARN_EMPTY_BODY = YES;
				CLANG_WARN_ENUM_CONVERSION = YES;
				CLANG_WARN_INFINITE_RECURSION = YES;
				CLANG_WARN_INT_CONVERSION = YES;
				CLANG_WARN_NON_LITERAL_NULL_CONVERSION = YES;
				CLANG_WARN_OBJC_IMPLICIT_RETAIN_SELF = YES;
				CLANG_WARN_OBJC_LITERAL_CONVERSION = YES;
				CLANG_WARN_OBJC_ROOT_CLASS = YES_ERROR;
				CLANG_WARN_QUOTED_INCLUDE_IN_FRAMEWORK_HEADER = YES;
				CLANG_WARN_RANGE_LOOP_ANALYSIS = YES;
				CLANG_WARN_STRICT_PROTOTYPES = YES;
				CLANG_WARN_SUSPICIOUS_MOVE = YES;
				CLANG_WARN_UNGUARDED_AVAILABILITY = YES_AGGRESSIVE;
				CLANG_WARN_UNREACHABLE_CODE = YES;
				CLANG_WARN__DUPLICATE_METHOD_MATCH = YES;
				COPY_PHASE_STRIP = NO;
				DEAD_CODE_STRIPPING = YES;
				DEBUG_INFORMATION_FORMAT = "dwarf-with-dsym";
				ENABLE_NS_ASSERTIONS = NO;
				ENABLE_STRICT_OBJC_MSGSEND = YES;
				ENABLE_USER_SCRIPT_SANDBOXING = YES;
				GCC_C_LANGUAGE_STANDARD = gnu11;
				GCC_NO_COMMON_BLOCKS = YES;
				GCC_WARN_64_TO_32_BIT_CONVERSION = YES;
				GCC_WARN_ABOUT_RETURN_TYPE = YES_ERROR;
				GCC_WARN_UNDECLARED_SELECTOR = YES;
				GCC_WARN_UNINITIALIZED_AUTOS = YES_AGGRESSIVE;
				GCC_WARN_UNUSED_FUNCTION = YES;
				GCC_WARN_UNUSED_VARIABLE = YES;
				MACOSX_DEPLOYMENT_TARGET = 13.3;
				MTL_ENABLE_DEBUG_INFO = NO;
				MTL_FAST_MATH = YES;
				SDKROOT = macosx;
				SWIFT_COMPILATION_MODE = wholemodule;
				SWIFT_OPTIMIZATION_LEVEL = "-O";
			};
			name = Release;
		};
		9F8B1C6C2A5F1EA000E1D9F1 /* Debug */ = {
			isa = XCBuildConfiguration;
			buildSettings = {
				ASSETCATALOG_COMPILER_APPICON_NAME = AppIcon;
				ASSETCATALOG_COMPILER_GLOBAL_ACCENT_COLOR_NAME = AccentColor;
				CODE_SIGN_ENTITLEMENTS = SDRLog/SDRLog.entitlements;
				CODE_SIGN_STYLE = Automatic;
				COMBINE_HIDPI_IMAGES = YES;
				CURRENT_PROJECT_VERSION = 1;
				DEAD_CODE_STRIPPING = YES;
				DEVELOPMENT_ASSET_PATHS = "\"SDRLog/Preview Content\"";
				DEVELOPMENT_TEAM = EE5B8TYXGA;
				ENABLE_HARDENED_RUNTIME = YES;
				ENABLE_PREVIEWS = YES;
				GENERATE_INFOPLIST_FILE = YES;
				INFOPLIST_KEY_NSHumanReadableCopyright = "";
				LD_RUNPATH_SEARCH_PATHS = (
					"$(inherited)",
					"@executable_path/../Frameworks",
				);
				MACOSX_DEPLOYMENT_TARGET = 14.0;
				MARKETING_VERSION = 1.1;
				PRODUCT_BUNDLE_IDENTIFIER = net.k3tzr.SDRLog;
				PRODUCT_NAME = "$(TARGET_NAME)";
				SWIFT_EMIT_LOC_STRINGS = YES;
				SWIFT_VERSION = 5.0;
			};
			name = Debug;
		};
		9F8B1C6D2A5F1EA000E1D9F1 /* Release */ = {
			isa = XCBuildConfiguration;
			buildSettings = {
				ASSETCATALOG_COMPILER_APPICON_NAME = AppIcon;
				ASSETCATALOG_COMPILER_GLOBAL_ACCENT_COLOR_NAME = AccentColor;
				CODE_SIGN_ENTITLEMENTS = SDRLog/SDRLog.entitlements;
				CODE_SIGN_STYLE = Automatic;
				COMBINE_HIDPI_IMAGES = YES;
				CURRENT_PROJECT_VERSION = 1;
				DEAD_CODE_STRIPPING = YES;
				DEVELOPMENT_ASSET_PATHS = "\"SDRLog/Preview Content\"";
				DEVELOPMENT_TEAM = EE5B8TYXGA;
				ENABLE_HARDENED_RUNTIME = YES;
				ENABLE_PREVIEWS = YES;
				GENERATE_INFOPLIST_FILE = YES;
				INFOPLIST_KEY_NSHumanReadableCopyright = "";
				LD_RUNPATH_SEARCH_PATHS = (
					"$(inherited)",
					"@executable_path/../Frameworks",
				);
				MACOSX_DEPLOYMENT_TARGET = 14.0;
				MARKETING_VERSION = 1.1;
				PRODUCT_BUNDLE_IDENTIFIER = net.k3tzr.SDRLog;
				PRODUCT_NAME = "$(TARGET_NAME)";
				SWIFT_EMIT_LOC_STRINGS = YES;
				SWIFT_VERSION = 5.0;
			};
			name = Release;
		};
/* End XCBuildConfiguration section */

/* Begin XCConfigurationList section */
		9F8B1C572A5F1EA000E1D9F1 /* Build configuration list for PBXProject "SDRLog" */ = {
			isa = XCConfigurationList;
			buildConfigurations = (
				9F8B1C692A5F1EA000E1D9F1 /* Debug */,
				9F8B1C6A2A5F1EA000E1D9F1 /* Release */,
			);
			defaultConfigurationIsVisible = 0;
			defaultConfigurationName = Release;
		};
		9F8B1C6B2A5F1EA000E1D9F1 /* Build configuration list for PBXNativeTarget "SDRLog" */ = {
			isa = XCConfigurationList;
			buildConfigurations = (
				9F8B1C6C2A5F1EA000E1D9F1 /* Debug */,
				9F8B1C6D2A5F1EA000E1D9F1 /* Release */,
			);
			defaultConfigurationIsVisible = 0;
			defaultConfigurationName = Release;
		};
/* End XCConfigurationList section */

/* Begin XCRemoteSwiftPackageReference section */
		9FD8298D2AFFAA4D002EC81C /* XCRemoteSwiftPackageReference "ViewFeatures" */ = {
			isa = XCRemoteSwiftPackageReference;
			repositoryURL = "https://github.com/K3TZR/ViewFeatures.git";
			requirement = {
				branch = main;
				kind = branch;
			};
		};
/* End XCRemoteSwiftPackageReference section */

/* Begin XCSwiftPackageProductDependency section */
		9FD8298E2AFFAA4D002EC81C /* ClientSheet */ = {
			isa = XCSwiftPackageProductDependency;
			package = 9FD8298D2AFFAA4D002EC81C /* XCRemoteSwiftPackageReference "ViewFeatures" */;
			productName = ClientSheet;
		};
		9FD829902AFFAA4D002EC81C /* Flag */ = {
			isa = XCSwiftPackageProductDependency;
			package = 9FD8298D2AFFAA4D002EC81C /* XCRemoteSwiftPackageReference "ViewFeatures" */;
			productName = Flag;
		};
		9FD829922AFFAA4D002EC81C /* FlagAntennaPopover */ = {
			isa = XCSwiftPackageProductDependency;
			package = 9FD8298D2AFFAA4D002EC81C /* XCRemoteSwiftPackageReference "ViewFeatures" */;
			productName = FlagAntennaPopover;
		};
		9FD829942AFFAA4D002EC81C /* LogViewer */ = {
			isa = XCSwiftPackageProductDependency;
			package = 9FD8298D2AFFAA4D002EC81C /* XCRemoteSwiftPackageReference "ViewFeatures" */;
			productName = LogViewer;
		};
		9FD829962AFFAA4D002EC81C /* LoginSheet */ = {
			isa = XCSwiftPackageProductDependency;
			package = 9FD8298D2AFFAA4D002EC81C /* XCRemoteSwiftPackageReference "ViewFeatures" */;
			productName = LoginSheet;
		};
		9FD829982AFFAA4D002EC81C /* MonitorControl */ = {
			isa = XCSwiftPackageProductDependency;
			package = 9FD8298D2AFFAA4D002EC81C /* XCRemoteSwiftPackageReference "ViewFeatures" */;
			productName = MonitorControl;
		};
		9FD8299A2AFFAA4D002EC81C /* Panadapter */ = {
			isa = XCSwiftPackageProductDependency;
			package = 9FD8298D2AFFAA4D002EC81C /* XCRemoteSwiftPackageReference "ViewFeatures" */;
			productName = Panadapter;
		};
		9FD8299C2AFFAA4D002EC81C /* Panafall */ = {
			isa = XCSwiftPackageProductDependency;
			package = 9FD8298D2AFFAA4D002EC81C /* XCRemoteSwiftPackageReference "ViewFeatures" */;
			productName = Panafall;
		};
		9FD8299E2AFFAA4D002EC81C /* PickerSheet */ = {
			isa = XCSwiftPackageProductDependency;
			package = 9FD8298D2AFFAA4D002EC81C /* XCRemoteSwiftPackageReference "ViewFeatures" */;
			productName = PickerSheet;
		};
		9FD829A02AFFAA4D002EC81C /* SettingsPanel */ = {
			isa = XCSwiftPackageProductDependency;
			package = 9FD8298D2AFFAA4D002EC81C /* XCRemoteSwiftPackageReference "ViewFeatures" */;
			productName = SettingsPanel;
		};
		9FD829A22AFFAA4D002EC81C /* SidePanel */ = {
			isa = XCSwiftPackageProductDependency;
			package = 9FD8298D2AFFAA4D002EC81C /* XCRemoteSwiftPackageReference "ViewFeatures" */;
			productName = SidePanel;
		};
		9FD829A42AFFAA4D002EC81C /* Waterfall */ = {
			isa = XCSwiftPackageProductDependency;
			package = 9FD8298D2AFFAA4D002EC81C /* XCRemoteSwiftPackageReference "ViewFeatures" */;
			productName = Waterfall;
		};
/* End XCSwiftPackageProductDependency section */
	};
	rootObject = 9F8B1C542A5F1EA000E1D9F1 /* Project object */;
}
